
Microsoft Visual Studio Solution File, Format Version 12.00
# Visual Studio Version 17
VisualStudioVersion = 17.11.35219.272
MinimumVisualStudioVersion = 10.0.40219.1
Project("{8BC9CEB8-8B4A-11D0-8D11-00A0C91BC942}") = "수업 1", "수업 1\수업 1.vcxproj", "{67FCE955-8A8C-45FB-8655-CDAEA552B4C2}"
EndProject
Project("{8BC9CEB8-8B4A-11D0-8D11-00A0C91BC942}") = "수업 1-2", "수업 1-2\수업 1-2.vcxproj", "{F7608D6F-99B0-48A7-8389-1BA43CE586DC}"
EndProject
Project("{8BC9CEB8-8B4A-11D0-8D11-00A0C91BC942}") = "수업 1-3", "수업 1-3\수업 1-3.vcxproj", "{4386126C-F8BA-455C-BCEF-CBCED4DD5D0A}"
EndProject
Project("{8BC9CEB8-8B4A-11D0-8D11-00A0C91BC942}") = "수업 1-4", "수업 1-4\수업 1-4.vcxproj", "{CCDDC73F-EF2B-4777-81FD-32A38B113D52}"
EndProject
Project("{8BC9CEB8-8B4A-11D0-8D11-00A0C91BC942}") = "수업 2", "수업 2\수업 2.vcxproj", "{182DD0C5-2CF2-4B6B-BB86-80C37ED540CA}"
EndProject
Project("{8BC9CEB8-8B4A-11D0-8D11-00A0C91BC942}") = "수업 2-2", "수업 2-2\수업 2-2.vcxproj", "{07EC52B9-CEB8-4D39-B315-56324B1C7BEB}"
EndProject
Project("{8BC9CEB8-8B4A-11D0-8D11-00A0C91BC942}") = "수업 2-3", "수업 2-3\수업 2-3.vcxproj", "{3956C834-1803-4B44-850F-630164EC8CBF}"
EndProject
Project("{8BC9CEB8-8B4A-11D0-8D11-00A0C91BC942}") = "수업 3-1", "수업 3-1\수업 3-1.vcxproj", "{EACF1F6F-CF3B-45B3-A1A9-88AEFEA15FFC}"
EndProject
Project("{8BC9CEB8-8B4A-11D0-8D11-00A0C91BC942}") = "수업 3-2", "수업 3-2\수업 3-2.vcxproj", "{1A17296A-96F2-4790-9809-BDBA81638875}"
EndProject
Project("{8BC9CEB8-8B4A-11D0-8D11-00A0C91BC942}") = "수업 3-3", "수업 3-3\수업 3-3.vcxproj", "{35EF3546-8FEE-4ED6-AA8A-2DFD8907FAC4}"
EndProject
Project("{8BC9CEB8-8B4A-11D0-8D11-00A0C91BC942}") = "수업 3-4", "수업 3-4\수업 3-4.vcxproj", "{E6BBF8DD-6E52-4B5B-8B28-E4F7AE4C57DB}"
EndProject
Project("{8BC9CEB8-8B4A-11D0-8D11-00A0C91BC942}") = "수업 4", "수업 4\수업 4.vcxproj", "{C03FED76-92C4-4236-9D4C-BE4A372D061D}"
EndProject
Project("{8BC9CEB8-8B4A-11D0-8D11-00A0C91BC942}") = "수업 4-2", "수업 4-2\수업 4-2.vcxproj", "{556D2AB2-8917-4C1A-9A15-B1F6E9B07651}"
EndProject
Project("{8BC9CEB8-8B4A-11D0-8D11-00A0C91BC942}") = "수업 4-3", "수업 4-3\수업 4-3.vcxproj", "{EF76D916-B354-4A94-9F6A-710390D32027}"
EndProject
Project("{8BC9CEB8-8B4A-11D0-8D11-00A0C91BC942}") = "수업 4-4", "수업 4-4\수업 4-4.vcxproj", "{CB42DD05-F0C6-447F-AFEA-AB02DF542A8B}"
EndProject
Project("{8BC9CEB8-8B4A-11D0-8D11-00A0C91BC942}") = "수업 4-5", "수업 4-5\수업 4-5.vcxproj", "{9116B65F-C412-4313-AA67-E7B510C83526}"
EndProject
Project("{8BC9CEB8-8B4A-11D0-8D11-00A0C91BC942}") = "수업 5-1", "수업 5-1\수업 5-1.vcxproj", "{B8D2536B-0DA7-42A2-9D9D-8FCE284CE911}"
EndProject
Project("{8BC9CEB8-8B4A-11D0-8D11-00A0C91BC942}") = "수업 5-2", "수업 5-2\수업 5-2.vcxproj", "{0338F40F-F774-41CE-8325-458BB3886336}"
EndProject
Project("{8BC9CEB8-8B4A-11D0-8D11-00A0C91BC942}") = "수업 5-3", "수업 5-3\수업 5-3.vcxproj", "{0EE4E45E-F716-4BBB-815B-091688A17025}"
EndProject
Project("{8BC9CEB8-8B4A-11D0-8D11-00A0C91BC942}") = "수업 6-1", "수업 6-1\수업 6-1.vcxproj", "{076905FA-7EFC-4DFC-A431-E365A3A7138C}"
EndProject
Project("{8BC9CEB8-8B4A-11D0-8D11-00A0C91BC942}") = "수업 6-2", "수업 6-2\수업 6-2.vcxproj", "{0010CA2A-B33A-41F2-A442-0046506B3E96}"
EndProject
Project("{8BC9CEB8-8B4A-11D0-8D11-00A0C91BC942}") = "수업 6-3", "수업 6-3\수업 6-3.vcxproj", "{52463E2D-1A2C-4A75-95D2-50FA070B6B5A}"
EndProject
Global
	GlobalSection(SolutionConfigurationPlatforms) = preSolution
		Debug|x64 = Debug|x64
		Debug|x86 = Debug|x86
		Release|x64 = Release|x64
		Release|x86 = Release|x86
	EndGlobalSection
	GlobalSection(ProjectConfigurationPlatforms) = postSolution
		{67FCE955-8A8C-45FB-8655-CDAEA552B4C2}.Debug|x64.ActiveCfg = Debug|x64
		{67FCE955-8A8C-45FB-8655-CDAEA552B4C2}.Debug|x64.Build.0 = Debug|x64
		{67FCE955-8A8C-45FB-8655-CDAEA552B4C2}.Debug|x86.ActiveCfg = Debug|Win32
		{67FCE955-8A8C-45FB-8655-CDAEA552B4C2}.Debug|x86.Build.0 = Debug|Win32
		{67FCE955-8A8C-45FB-8655-CDAEA552B4C2}.Release|x64.ActiveCfg = Release|x64
		{67FCE955-8A8C-45FB-8655-CDAEA552B4C2}.Release|x64.Build.0 = Release|x64
		{67FCE955-8A8C-45FB-8655-CDAEA552B4C2}.Release|x86.ActiveCfg = Release|Win32
		{67FCE955-8A8C-45FB-8655-CDAEA552B4C2}.Release|x86.Build.0 = Release|Win32
		{F7608D6F-99B0-48A7-8389-1BA43CE586DC}.Debug|x64.ActiveCfg = Debug|x64
		{F7608D6F-99B0-48A7-8389-1BA43CE586DC}.Debug|x64.Build.0 = Debug|x64
		{F7608D6F-99B0-48A7-8389-1BA43CE586DC}.Debug|x86.ActiveCfg = Debug|Win32
		{F7608D6F-99B0-48A7-8389-1BA43CE586DC}.Debug|x86.Build.0 = Debug|Win32
		{F7608D6F-99B0-48A7-8389-1BA43CE586DC}.Release|x64.ActiveCfg = Release|x64
		{F7608D6F-99B0-48A7-8389-1BA43CE586DC}.Release|x64.Build.0 = Release|x64
		{F7608D6F-99B0-48A7-8389-1BA43CE586DC}.Release|x86.ActiveCfg = Release|Win32
		{F7608D6F-99B0-48A7-8389-1BA43CE586DC}.Release|x86.Build.0 = Release|Win32
		{4386126C-F8BA-455C-BCEF-CBCED4DD5D0A}.Debug|x64.ActiveCfg = Debug|x64
		{4386126C-F8BA-455C-BCEF-CBCED4DD5D0A}.Debug|x64.Build.0 = Debug|x64
		{4386126C-F8BA-455C-BCEF-CBCED4DD5D0A}.Debug|x86.ActiveCfg = Debug|Win32
		{4386126C-F8BA-455C-BCEF-CBCED4DD5D0A}.Debug|x86.Build.0 = Debug|Win32
		{4386126C-F8BA-455C-BCEF-CBCED4DD5D0A}.Release|x64.ActiveCfg = Release|x64
		{4386126C-F8BA-455C-BCEF-CBCED4DD5D0A}.Release|x64.Build.0 = Release|x64
		{4386126C-F8BA-455C-BCEF-CBCED4DD5D0A}.Release|x86.ActiveCfg = Release|Win32
		{4386126C-F8BA-455C-BCEF-CBCED4DD5D0A}.Release|x86.Build.0 = Release|Win32
		{CCDDC73F-EF2B-4777-81FD-32A38B113D52}.Debug|x64.ActiveCfg = Debug|x64
		{CCDDC73F-EF2B-4777-81FD-32A38B113D52}.Debug|x64.Build.0 = Debug|x64
		{CCDDC73F-EF2B-4777-81FD-32A38B113D52}.Debug|x86.ActiveCfg = Debug|Win32
		{CCDDC73F-EF2B-4777-81FD-32A38B113D52}.Debug|x86.Build.0 = Debug|Win32
		{CCDDC73F-EF2B-4777-81FD-32A38B113D52}.Release|x64.ActiveCfg = Release|x64
		{CCDDC73F-EF2B-4777-81FD-32A38B113D52}.Release|x64.Build.0 = Release|x64
		{CCDDC73F-EF2B-4777-81FD-32A38B113D52}.Release|x86.ActiveCfg = Release|Win32
		{CCDDC73F-EF2B-4777-81FD-32A38B113D52}.Release|x86.Build.0 = Release|Win32
		{182DD0C5-2CF2-4B6B-BB86-80C37ED540CA}.Debug|x64.ActiveCfg = Debug|x64
		{182DD0C5-2CF2-4B6B-BB86-80C37ED540CA}.Debug|x64.Build.0 = Debug|x64
		{182DD0C5-2CF2-4B6B-BB86-80C37ED540CA}.Debug|x86.ActiveCfg = Debug|Win32
		{182DD0C5-2CF2-4B6B-BB86-80C37ED540CA}.Debug|x86.Build.0 = Debug|Win32
		{182DD0C5-2CF2-4B6B-BB86-80C37ED540CA}.Release|x64.ActiveCfg = Release|x64
		{182DD0C5-2CF2-4B6B-BB86-80C37ED540CA}.Release|x64.Build.0 = Release|x64
		{182DD0C5-2CF2-4B6B-BB86-80C37ED540CA}.Release|x86.ActiveCfg = Release|Win32
		{182DD0C5-2CF2-4B6B-BB86-80C37ED540CA}.Release|x86.Build.0 = Release|Win32
		{07EC52B9-CEB8-4D39-B315-56324B1C7BEB}.Debug|x64.ActiveCfg = Debug|x64
		{07EC52B9-CEB8-4D39-B315-56324B1C7BEB}.Debug|x64.Build.0 = Debug|x64
		{07EC52B9-CEB8-4D39-B315-56324B1C7BEB}.Debug|x86.ActiveCfg = Debug|Win32
		{07EC52B9-CEB8-4D39-B315-56324B1C7BEB}.Debug|x86.Build.0 = Debug|Win32
		{07EC52B9-CEB8-4D39-B315-56324B1C7BEB}.Release|x64.ActiveCfg = Release|x64
		{07EC52B9-CEB8-4D39-B315-56324B1C7BEB}.Release|x64.Build.0 = Release|x64
		{07EC52B9-CEB8-4D39-B315-56324B1C7BEB}.Release|x86.ActiveCfg = Release|Win32
		{07EC52B9-CEB8-4D39-B315-56324B1C7BEB}.Release|x86.Build.0 = Release|Win32
		{3956C834-1803-4B44-850F-630164EC8CBF}.Debug|x64.ActiveCfg = Debug|x64
		{3956C834-1803-4B44-850F-630164EC8CBF}.Debug|x64.Build.0 = Debug|x64
		{3956C834-1803-4B44-850F-630164EC8CBF}.Debug|x86.ActiveCfg = Debug|Win32
		{3956C834-1803-4B44-850F-630164EC8CBF}.Debug|x86.Build.0 = Debug|Win32
		{3956C834-1803-4B44-850F-630164EC8CBF}.Release|x64.ActiveCfg = Release|x64
		{3956C834-1803-4B44-850F-630164EC8CBF}.Release|x64.Build.0 = Release|x64
		{3956C834-1803-4B44-850F-630164EC8CBF}.Release|x86.ActiveCfg = Release|Win32
		{3956C834-1803-4B44-850F-630164EC8CBF}.Release|x86.Build.0 = Release|Win32
		{EACF1F6F-CF3B-45B3-A1A9-88AEFEA15FFC}.Debug|x64.ActiveCfg = Debug|x64
		{EACF1F6F-CF3B-45B3-A1A9-88AEFEA15FFC}.Debug|x64.Build.0 = Debug|x64
		{EACF1F6F-CF3B-45B3-A1A9-88AEFEA15FFC}.Debug|x86.ActiveCfg = Debug|Win32
		{EACF1F6F-CF3B-45B3-A1A9-88AEFEA15FFC}.Debug|x86.Build.0 = Debug|Win32
		{EACF1F6F-CF3B-45B3-A1A9-88AEFEA15FFC}.Release|x64.ActiveCfg = Release|x64
		{EACF1F6F-CF3B-45B3-A1A9-88AEFEA15FFC}.Release|x64.Build.0 = Release|x64
		{EACF1F6F-CF3B-45B3-A1A9-88AEFEA15FFC}.Release|x86.ActiveCfg = Release|Win32
		{EACF1F6F-CF3B-45B3-A1A9-88AEFEA15FFC}.Release|x86.Build.0 = Release|Win32
		{1A17296A-96F2-4790-9809-BDBA81638875}.Debug|x64.ActiveCfg = Debug|x64
		{1A17296A-96F2-4790-9809-BDBA81638875}.Debug|x64.Build.0 = Debug|x64
		{1A17296A-96F2-4790-9809-BDBA81638875}.Debug|x86.ActiveCfg = Debug|Win32
		{1A17296A-96F2-4790-9809-BDBA81638875}.Debug|x86.Build.0 = Debug|Win32
		{1A17296A-96F2-4790-9809-BDBA81638875}.Release|x64.ActiveCfg = Release|x64
		{1A17296A-96F2-4790-9809-BDBA81638875}.Release|x64.Build.0 = Release|x64
		{1A17296A-96F2-4790-9809-BDBA81638875}.Release|x86.ActiveCfg = Release|Win32
		{1A17296A-96F2-4790-9809-BDBA81638875}.Release|x86.Build.0 = Release|Win32
		{35EF3546-8FEE-4ED6-AA8A-2DFD8907FAC4}.Debug|x64.ActiveCfg = Debug|x64
		{35EF3546-8FEE-4ED6-AA8A-2DFD8907FAC4}.Debug|x64.Build.0 = Debug|x64
		{35EF3546-8FEE-4ED6-AA8A-2DFD8907FAC4}.Debug|x86.ActiveCfg = Debug|Win32
		{35EF3546-8FEE-4ED6-AA8A-2DFD8907FAC4}.Debug|x86.Build.0 = Debug|Win32
		{35EF3546-8FEE-4ED6-AA8A-2DFD8907FAC4}.Release|x64.ActiveCfg = Release|x64
		{35EF3546-8FEE-4ED6-AA8A-2DFD8907FAC4}.Release|x64.Build.0 = Release|x64
		{35EF3546-8FEE-4ED6-AA8A-2DFD8907FAC4}.Release|x86.ActiveCfg = Release|Win32
		{35EF3546-8FEE-4ED6-AA8A-2DFD8907FAC4}.Release|x86.Build.0 = Release|Win32
		{E6BBF8DD-6E52-4B5B-8B28-E4F7AE4C57DB}.Debug|x64.ActiveCfg = Debug|x64
		{E6BBF8DD-6E52-4B5B-8B28-E4F7AE4C57DB}.Debug|x64.Build.0 = Debug|x64
		{E6BBF8DD-6E52-4B5B-8B28-E4F7AE4C57DB}.Debug|x86.ActiveCfg = Debug|Win32
		{E6BBF8DD-6E52-4B5B-8B28-E4F7AE4C57DB}.Debug|x86.Build.0 = Debug|Win32
		{E6BBF8DD-6E52-4B5B-8B28-E4F7AE4C57DB}.Release|x64.ActiveCfg = Release|x64
		{E6BBF8DD-6E52-4B5B-8B28-E4F7AE4C57DB}.Release|x64.Build.0 = Release|x64
		{E6BBF8DD-6E52-4B5B-8B28-E4F7AE4C57DB}.Release|x86.ActiveCfg = Release|Win32
		{E6BBF8DD-6E52-4B5B-8B28-E4F7AE4C57DB}.Release|x86.Build.0 = Release|Win32
		{C03FED76-92C4-4236-9D4C-BE4A372D061D}.Debug|x64.ActiveCfg = Debug|x64
		{C03FED76-92C4-4236-9D4C-BE4A372D061D}.Debug|x64.Build.0 = Debug|x64
		{C03FED76-92C4-4236-9D4C-BE4A372D061D}.Debug|x86.ActiveCfg = Debug|Win32
		{C03FED76-92C4-4236-9D4C-BE4A372D061D}.Debug|x86.Build.0 = Debug|Win32
		{C03FED76-92C4-4236-9D4C-BE4A372D061D}.Release|x64.ActiveCfg = Release|x64
		{C03FED76-92C4-4236-9D4C-BE4A372D061D}.Release|x64.Build.0 = Release|x64
		{C03FED76-92C4-4236-9D4C-BE4A372D061D}.Release|x86.ActiveCfg = Release|Win32
		{C03FED76-92C4-4236-9D4C-BE4A372D061D}.Release|x86.Build.0 = Release|Win32
		{556D2AB2-8917-4C1A-9A15-B1F6E9B07651}.Debug|x64.ActiveCfg = Debug|x64
		{556D2AB2-8917-4C1A-9A15-B1F6E9B07651}.Debug|x64.Build.0 = Debug|x64
		{556D2AB2-8917-4C1A-9A15-B1F6E9B07651}.Debug|x86.ActiveCfg = Debug|Win32
		{556D2AB2-8917-4C1A-9A15-B1F6E9B07651}.Debug|x86.Build.0 = Debug|Win32
		{556D2AB2-8917-4C1A-9A15-B1F6E9B07651}.Release|x64.ActiveCfg = Release|x64
		{556D2AB2-8917-4C1A-9A15-B1F6E9B07651}.Release|x64.Build.0 = Release|x64
		{556D2AB2-8917-4C1A-9A15-B1F6E9B07651}.Release|x86.ActiveCfg = Release|Win32
		{556D2AB2-8917-4C1A-9A15-B1F6E9B07651}.Release|x86.Build.0 = Release|Win32
		{EF76D916-B354-4A94-9F6A-710390D32027}.Debug|x64.ActiveCfg = Debug|x64
		{EF76D916-B354-4A94-9F6A-710390D32027}.Debug|x64.Build.0 = Debug|x64
		{EF76D916-B354-4A94-9F6A-710390D32027}.Debug|x86.ActiveCfg = Debug|Win32
		{EF76D916-B354-4A94-9F6A-710390D32027}.Debug|x86.Build.0 = Debug|Win32
		{EF76D916-B354-4A94-9F6A-710390D32027}.Release|x64.ActiveCfg = Release|x64
		{EF76D916-B354-4A94-9F6A-710390D32027}.Release|x64.Build.0 = Release|x64
		{EF76D916-B354-4A94-9F6A-710390D32027}.Release|x86.ActiveCfg = Release|Win32
		{EF76D916-B354-4A94-9F6A-710390D32027}.Release|x86.Build.0 = Release|Win32
		{CB42DD05-F0C6-447F-AFEA-AB02DF542A8B}.Debug|x64.ActiveCfg = Debug|x64
		{CB42DD05-F0C6-447F-AFEA-AB02DF542A8B}.Debug|x64.Build.0 = Debug|x64
		{CB42DD05-F0C6-447F-AFEA-AB02DF542A8B}.Debug|x86.ActiveCfg = Debug|Win32
		{CB42DD05-F0C6-447F-AFEA-AB02DF542A8B}.Debug|x86.Build.0 = Debug|Win32
		{CB42DD05-F0C6-447F-AFEA-AB02DF542A8B}.Release|x64.ActiveCfg = Release|x64
		{CB42DD05-F0C6-447F-AFEA-AB02DF542A8B}.Release|x64.Build.0 = Release|x64
		{CB42DD05-F0C6-447F-AFEA-AB02DF542A8B}.Release|x86.ActiveCfg = Release|Win32
		{CB42DD05-F0C6-447F-AFEA-AB02DF542A8B}.Release|x86.Build.0 = Release|Win32
		{9116B65F-C412-4313-AA67-E7B510C83526}.Debug|x64.ActiveCfg = Debug|x64
		{9116B65F-C412-4313-AA67-E7B510C83526}.Debug|x64.Build.0 = Debug|x64
		{9116B65F-C412-4313-AA67-E7B510C83526}.Debug|x86.ActiveCfg = Debug|Win32
		{9116B65F-C412-4313-AA67-E7B510C83526}.Debug|x86.Build.0 = Debug|Win32
		{9116B65F-C412-4313-AA67-E7B510C83526}.Release|x64.ActiveCfg = Release|x64
		{9116B65F-C412-4313-AA67-E7B510C83526}.Release|x64.Build.0 = Release|x64
		{9116B65F-C412-4313-AA67-E7B510C83526}.Release|x86.ActiveCfg = Release|Win32
		{9116B65F-C412-4313-AA67-E7B510C83526}.Release|x86.Build.0 = Release|Win32
		{B8D2536B-0DA7-42A2-9D9D-8FCE284CE911}.Debug|x64.ActiveCfg = Debug|x64
		{B8D2536B-0DA7-42A2-9D9D-8FCE284CE911}.Debug|x64.Build.0 = Debug|x64
		{B8D2536B-0DA7-42A2-9D9D-8FCE284CE911}.Debug|x86.ActiveCfg = Debug|Win32
		{B8D2536B-0DA7-42A2-9D9D-8FCE284CE911}.Debug|x86.Build.0 = Debug|Win32
		{B8D2536B-0DA7-42A2-9D9D-8FCE284CE911}.Release|x64.ActiveCfg = Release|x64
		{B8D2536B-0DA7-42A2-9D9D-8FCE284CE911}.Release|x64.Build.0 = Release|x64
		{B8D2536B-0DA7-42A2-9D9D-8FCE284CE911}.Release|x86.ActiveCfg = Release|Win32
		{B8D2536B-0DA7-42A2-9D9D-8FCE284CE911}.Release|x86.Build.0 = Release|Win32
		{0338F40F-F774-41CE-8325-458BB3886336}.Debug|x64.ActiveCfg = Debug|x64
		{0338F40F-F774-41CE-8325-458BB3886336}.Debug|x64.Build.0 = Debug|x64
		{0338F40F-F774-41CE-8325-458BB3886336}.Debug|x86.ActiveCfg = Debug|Win32
		{0338F40F-F774-41CE-8325-458BB3886336}.Debug|x86.Build.0 = Debug|Win32
		{0338F40F-F774-41CE-8325-458BB3886336}.Release|x64.ActiveCfg = Release|x64
		{0338F40F-F774-41CE-8325-458BB3886336}.Release|x64.Build.0 = Release|x64
		{0338F40F-F774-41CE-8325-458BB3886336}.Release|x86.ActiveCfg = Release|Win32
		{0338F40F-F774-41CE-8325-458BB3886336}.Release|x86.Build.0 = Release|Win32
		{0EE4E45E-F716-4BBB-815B-091688A17025}.Debug|x64.ActiveCfg = Debug|x64
		{0EE4E45E-F716-4BBB-815B-091688A17025}.Debug|x64.Build.0 = Debug|x64
		{0EE4E45E-F716-4BBB-815B-091688A17025}.Debug|x86.ActiveCfg = Debug|Win32
		{0EE4E45E-F716-4BBB-815B-091688A17025}.Debug|x86.Build.0 = Debug|Win32
		{0EE4E45E-F716-4BBB-815B-091688A17025}.Release|x64.ActiveCfg = Release|x64
		{0EE4E45E-F716-4BBB-815B-091688A17025}.Release|x64.Build.0 = Release|x64
		{0EE4E45E-F716-4BBB-815B-091688A17025}.Release|x86.ActiveCfg = Release|Win32
		{0EE4E45E-F716-4BBB-815B-091688A17025}.Release|x86.Build.0 = Release|Win32
		{076905FA-7EFC-4DFC-A431-E365A3A7138C}.Debug|x64.ActiveCfg = Debug|x64
		{076905FA-7EFC-4DFC-A431-E365A3A7138C}.Debug|x64.Build.0 = Debug|x64
		{076905FA-7EFC-4DFC-A431-E365A3A7138C}.Debug|x86.ActiveCfg = Debug|Win32
		{076905FA-7EFC-4DFC-A431-E365A3A7138C}.Debug|x86.Build.0 = Debug|Win32
		{076905FA-7EFC-4DFC-A431-E365A3A7138C}.Release|x64.ActiveCfg = Release|x64
		{076905FA-7EFC-4DFC-A431-E365A3A7138C}.Release|x64.Build.0 = Release|x64
		{076905FA-7EFC-4DFC-A431-E365A3A7138C}.Release|x86.ActiveCfg = Release|Win32
		{076905FA-7EFC-4DFC-A431-E365A3A7138C}.Release|x86.Build.0 = Release|Win32
		{0010CA2A-B33A-41F2-A442-0046506B3E96}.Debug|x64.ActiveCfg = Debug|x64
		{0010CA2A-B33A-41F2-A442-0046506B3E96}.Debug|x64.Build.0 = Debug|x64
		{0010CA2A-B33A-41F2-A442-0046506B3E96}.Debug|x86.ActiveCfg = Debug|Win32
		{0010CA2A-B33A-41F2-A442-0046506B3E96}.Debug|x86.Build.0 = Debug|Win32
		{0010CA2A-B33A-41F2-A442-0046506B3E96}.Release|x64.ActiveCfg = Release|x64
		{0010CA2A-B33A-41F2-A442-0046506B3E96}.Release|x64.Build.0 = Release|x64
		{0010CA2A-B33A-41F2-A442-0046506B3E96}.Release|x86.ActiveCfg = Release|Win32
		{0010CA2A-B33A-41F2-A442-0046506B3E96}.Release|x86.Build.0 = Release|Win32
		{52463E2D-1A2C-4A75-95D2-50FA070B6B5A}.Debug|x64.ActiveCfg = Debug|x64
		{52463E2D-1A2C-4A75-95D2-50FA070B6B5A}.Debug|x64.Build.0 = Debug|x64
		{52463E2D-1A2C-4A75-95D2-50FA070B6B5A}.Debug|x86.ActiveCfg = Debug|Win32
		{52463E2D-1A2C-4A75-95D2-50FA070B6B5A}.Debug|x86.Build.0 = Debug|Win32
		{52463E2D-1A2C-4A75-95D2-50FA070B6B5A}.Release|x64.ActiveCfg = Release|x64
		{52463E2D-1A2C-4A75-95D2-50FA070B6B5A}.Release|x64.Build.0 = Release|x64
		{52463E2D-1A2C-4A75-95D2-50FA070B6B5A}.Release|x86.ActiveCfg = Release|Win32
		{52463E2D-1A2C-4A75-95D2-50FA070B6B5A}.Release|x86.Build.0 = Release|Win32
	EndGlobalSection
	GlobalSection(SolutionProperties) = preSolution
		HideSolutionNode = FALSE
	EndGlobalSection
	GlobalSection(ExtensibilityGlobals) = postSolution
		SolutionGuid = {437027F5-5A65-4888-8B3E-D6258E48C416}
	EndGlobalSection
EndGlobal
